{
  "name": "reverse-geocoding",
  "version": "1.0.0",
  "lockfileVersion": 3,
  "requires": true,
  "packages": {
    "": {
      "name": "reverse-geocoding",
      "version": "1.0.0",
      "license": "ISC",
      "dependencies": {
        "geojson-places": "^1.0.8"
      }
    },
    "node_modules/geojson-places": {
      "version": "1.0.8",
      "resolved": "https://registry.npmjs.org/geojson-places/-/geojson-places-1.0.8.tgz",
      "integrity": "sha512-4jqzFgpz9S3QZ9KsDTvokuf3qCygfhgYlBaVHhGt27bI9uzvbxacFz19qxGui1WUAwYXj39IZdtATsQ1ggtlOQ==",
      "dependencies": {
        "just-clone": "^6.2.0"
      }
    },
    "node_modules/just-clone": {
      "version": "6.2.0",
      "resolved": "https://registry.npmjs.org/just-clone/-/just-clone-6.2.0.tgz",
      "integrity": "sha512-1IynUYEc/HAwxhi3WDpIpxJbZpMCvvrrmZVqvj9EhpvbH8lls7HhdhiByjL7DkAaWlLIzpC0Xc/VPvy/UxLNjA=="
    }
  }
}
